
Microsoft Visual Studio Solution File, Format Version 12.00
# Visual Studio Version 17
VisualStudioVersion = 17.9.34622.214
MinimumVisualStudioVersion = 10.0.40219.1
Project("{9A19103F-16F7-4668-BE54-9A1E7A4F7556}") = "MessengerClone", "MessengerClone\MessengerClone.csproj", "{B605A6B1-932F-4A34-9B1C-2D584D63DE86}"
EndProject
Project("{FAE04EC0-301F-11D3-BF4B-00C04F79EFBC}") = "SignalRServer", "SignalRServer\SignalRServer.csproj", "{222F3BC8-7E4A-4DFF-A32F-0F045D392831}"
EndProject
Global
	GlobalSection(SolutionConfigurationPlatforms) = preSolution
		Debug|Any CPU = Debug|Any CPU
		Release|Any CPU = Release|Any CPU
	EndGlobalSection
	GlobalSection(ProjectConfigurationPlatforms) = postSolution
		{B605A6B1-932F-4A34-9B1C-2D584D63DE86}.Debug|Any CPU.ActiveCfg = Debug|Any CPU
		{B605A6B1-932F-4A34-9B1C-2D584D63DE86}.Debug|Any CPU.Build.0 = Debug|Any CPU
		{B605A6B1-932F-4A34-9B1C-2D584D63DE86}.Release|Any CPU.ActiveCfg = Release|Any CPU
		{B605A6B1-932F-4A34-9B1C-2D584D63DE86}.Release|Any CPU.Build.0 = Release|Any CPU
		{222F3BC8-7E4A-4DFF-A32F-0F045D392831}.Debug|Any CPU.ActiveCfg = Debug|Any CPU
		{222F3BC8-7E4A-4DFF-A32F-0F045D392831}.Debug|Any CPU.Build.0 = Debug|Any CPU
		{222F3BC8-7E4A-4DFF-A32F-0F045D392831}.Release|Any CPU.ActiveCfg = Release|Any CPU
		{222F3BC8-7E4A-4DFF-A32F-0F045D392831}.Release|Any CPU.Build.0 = Release|Any CPU
	EndGlobalSection
	GlobalSection(SolutionProperties) = preSolution
		HideSolutionNode = FALSE
	EndGlobalSection
	GlobalSection(ExtensibilityGlobals) = postSolution
		SolutionGuid = {0A7190BD-3A47-4324-8524-99DB90FCFD92}
	EndGlobalSection
EndGlobal
